{
  "name": "plgg-monorepo",
  "lockfileVersion": 3,
  "requires": true,
  "packages": {
    "": {
      "name": "plgg-monorepo",
      "workspaces": [
        "packages/*"
      ]
    },
    "node_modules/@plgg/example": {
      "resolved": "packages/example",
      "link": true
    },
    "node_modules/@plgg/guide": {
      "resolved": "packages/guide",
      "link": true
    },
    "node_modules/@plggmatic/example": {
      "resolved": "packages/plggmatic-example",
      "link": true
    },
    "node_modules/@types/node": {
      "version": "25.9.5",
      "dev": true,
      "license": "MIT",
      "dependencies": {
        "undici-types": ">=7.24.0 <7.24.7"
      }
    },
    "node_modules/plgg": {
      "resolved": "packages/plgg",
      "link": true
    },
    "node_modules/plgg-auth": {
      "resolved": "packages/plgg-auth",
      "link": true
    },
    "node_modules/plgg-bundle": {
      "resolved": "packages/plgg-bundle",
      "link": true
    },
    "node_modules/plgg-cli": {
      "resolved": "packages/plgg-cli",
      "link": true
    },
    "node_modules/plgg-cms": {
      "resolved": "packages/plgg-cms",
      "link": true
    },
    "node_modules/plgg-db-migration": {
      "resolved": "packages/plgg-db-migration",
      "link": true
    },
    "node_modules/plgg-fetch": {
      "resolved": "packages/plgg-fetch",
      "link": true
    },
    "node_modules/plgg-foundry": {
      "resolved": "packages/plgg-foundry",
      "link": true
    },
    "node_modules/plgg-highlight": {
      "resolved": "packages/plgg-highlight",
      "link": true
    },
    "node_modules/plgg-http": {
      "resolved": "packages/plgg-http",
      "link": true
    },
    "node_modules/plgg-ir-language": {
      "resolved": "packages/plgg-ir-language",
      "link": true
    },
    "node_modules/plgg-ir-manifest": {
      "resolved": "packages/plgg-ir-manifest",
      "link": true
    },
    "node_modules/plgg-ir-syntax": {
      "resolved": "packages/plgg-ir-syntax",
      "link": true
    },
    "node_modules/plgg-ir-thesis": {
      "resolved": "packages/plgg-ir-thesis",
      "link": true
    },
    "node_modules/plgg-ir-thesis-proof": {
      "resolved": "packages/plgg-ir-thesis-proof",
      "link": true
    },
    "node_modules/plgg-kit": {
      "resolved": "packages/plgg-kit",
      "link": true
    },
    "node_modules/plgg-mcp": {
      "resolved": "packages/plgg-mcp",
      "link": true
    },
    "node_modules/plgg-md": {
      "resolved": "packages/plgg-md",
      "link": true
    },
    "node_modules/plgg-parser": {
      "resolved": "packages/plgg-parser",
      "link": true
    },
    "node_modules/plgg-router": {
      "resolved": "packages/plgg-router",
      "link": true
    },
    "node_modules/plgg-server": {
      "resolved": "packages/plgg-server",
      "link": true
    },
    "node_modules/plgg-sql": {
      "resolved": "packages/plgg-sql",
      "link": true
    },
    "node_modules/plgg-test": {
      "resolved": "packages/plgg-test",
      "link": true
    },
    "node_modules/plgg-token-metering": {
      "resolved": "packages/plgg-token-metering",
      "link": true
    },
    "node_modules/plgg-view": {
      "resolved": "packages/plgg-view",
      "link": true
    },
    "node_modules/plggmatic": {
      "resolved": "packages/plggmatic",
      "link": true
    },
    "node_modules/plggpress": {
      "resolved": "packages/plggpress",
      "link": true
    },
    "node_modules/typescript": {
      "version": "6.0.3",
      "license": "Apache-2.0",
      "bin": {
        "tsc": "bin/tsc",
        "tsserver": "bin/tsserver"
      },
      "engines": {
        "node": ">=14.17"
      }
    },
    "node_modules/undici-types": {
      "version": "7.24.6",
      "dev": true,
      "license": "MIT"
    },
    "packages/example": {
      "name": "@plgg/example",
      "version": "0.0.2",
      "license": "MIT",
      "dependencies": {
        "plgg": "file:../plgg",
        "plgg-router": "file:../plgg-router",
        "plgg-server": "file:../plgg-server",
        "plgg-view": "file:../plgg-view"
      },
      "devDependencies": {
        "@types/node": "^25.6.0",
        "plgg-bundle": "file:../plgg-bundle",
        "plgg-test": "file:../plgg-test",
        "typescript": "^6.0.3"
      }
    },
    "packages/guide": {
      "name": "@plgg/guide",
      "version": "0.0.1",
      "license": "MIT",
      "dependencies": {
        "plggpress": "file:../plggpress"
      }
    },
    "packages/plgg": {
      "version": "0.0.27",
      "license": "MIT",
      "devDependencies": {
        "@types/node": "^25.6.0",
        "plgg-bundle": "file:../plgg-bundle",
        "plgg-test": "file:../plgg-test",
        "typescript": "^6.0.3"
      }
    },
    "packages/plgg-auth": {
      "version": "0.0.1",
      "license": "MIT",
      "dependencies": {
        "plgg": "file:../plgg",
        "plgg-db-migration": "file:../plgg-db-migration",
        "plgg-http": "file:../plgg-http",
        "plgg-server": "file:../plgg-server",
        "plgg-sql": "file:../plgg-sql"
      },
      "devDependencies": {
        "@types/node": "^25.6.0",
        "plgg-bundle": "file:../plgg-bundle",
        "plgg-test": "file:../plgg-test",
        "typescript": "^6.0.3"
      },
      "engines": {
        "node": ">=22.6"
      }
    },
    "packages/plgg-bundle": {
      "version": "0.0.6",
      "license": "MIT",
      "dependencies": {
        "typescript": "^6.0.3"
      },
      "bin": {
        "plgg-bundle": "bin/plgg-bundle.mjs"
      },
      "devDependencies": {
        "@types/node": "^25.6.0",
        "plgg-test": "file:../plgg-test"
      }
    },
    "packages/plgg-cli": {
      "version": "0.0.1",
      "license": "MIT",
      "dependencies": {
        "plgg": "file:../plgg"
      },
      "devDependencies": {
        "@types/node": "^25.6.0",
        "plgg-bundle": "file:../plgg-bundle",
        "plgg-test": "file:../plgg-test",
        "typescript": "^6.0.3"
      }
    },
    "packages/plgg-cms": {
      "version": "0.0.3",
      "license": "MIT",
      "dependencies": {
        "plgg": "file:../plgg",
        "plgg-auth": "file:../plgg-auth",
        "plgg-db-migration": "file:../plgg-db-migration",
        "plgg-http": "file:../plgg-http",
        "plgg-kit": "file:../plgg-kit",
        "plgg-mcp": "file:../plgg-mcp",
        "plgg-md": "file:../plgg-md",
        "plgg-server": "file:../plgg-server",
        "plgg-sql": "file:../plgg-sql",
        "plgg-view": "file:../plgg-view",
        "plggpress": "file:../plggpress"
      },
      "bin": {
        "plgg-cms": "bin/plgg-cms.mjs"
      },
      "devDependencies": {
        "@types/node": "^25.6.0",
        "plgg-bundle": "file:../plgg-bundle",
        "plgg-test": "file:../plgg-test",
        "typescript": "^6.0.3"
      }
    },
    "packages/plgg-db-migration": {
      "version": "0.0.2",
      "license": "MIT",
      "dependencies": {
        "plgg": "file:../plgg",
        "plgg-sql": "file:../plgg-sql"
      },
      "bin": {
        "plgg-db-migration": "bin/plgg-db-migration.mjs"
      },
      "devDependencies": {
        "@types/node": "^25.6.0",
        "plgg-bundle": "file:../plgg-bundle",
        "plgg-test": "file:../plgg-test",
        "typescript": "^6.0.3"
      },
      "engines": {
        "node": ">=22.6"
      }
    },
    "packages/plgg-fetch": {
      "version": "0.0.1",
      "license": "MIT",
      "dependencies": {
        "plgg": "file:../plgg",
        "plgg-http": "file:../plgg-http"
      },
      "devDependencies": {
        "@types/node": "^25.6.0",
        "plgg-bundle": "file:../plgg-bundle",
        "plgg-test": "file:../plgg-test",
        "typescript": "^6.0.3"
      }
    },
    "packages/plgg-foundry": {
      "version": "0.0.1",
      "license": "MIT",
      "dependencies": {
        "plgg": "file:../plgg",
        "plgg-kit": "file:../plgg-kit"
      },
      "devDependencies": {
        "@types/node": "^25.6.0",
        "plgg-bundle": "file:../plgg-bundle",
        "plgg-test": "file:../plgg-test",
        "typescript": "^6.0.3"
      }
    },
    "packages/plgg-highlight": {
      "version": "0.0.3",
      "license": "MIT",
      "dependencies": {
        "plgg": "file:../plgg",
        "plgg-md": "file:../plgg-md",
        "plgg-parser": "file:../plgg-parser",
        "plgg-view": "file:../plgg-view"
      },
      "devDependencies": {
        "@types/node": "^25.6.0",
        "plgg-bundle": "file:../plgg-bundle",
        "plgg-test": "file:../plgg-test",
        "typescript": "^6.0.3"
      }
    },
    "packages/plgg-http": {
      "version": "0.0.2",
      "license": "MIT",
      "dependencies": {
        "plgg": "file:../plgg"
      },
      "devDependencies": {
        "@types/node": "^25.6.0",
        "plgg-bundle": "file:../plgg-bundle",
        "plgg-test": "file:../plgg-test",
        "typescript": "^6.0.3"
      }
    },
    "packages/plgg-ir-language": {
      "version": "0.0.2",
      "license": "MIT",
      "dependencies": {
        "plgg": "file:../plgg",
        "plgg-ir-syntax": "file:../plgg-ir-syntax"
      },
      "devDependencies": {
        "@types/node": "^25.6.0",
        "plgg-bundle": "file:../plgg-bundle",
        "plgg-test": "file:../plgg-test",
        "typescript": "^6.0.3"
      }
    },
    "packages/plgg-ir-manifest": {
      "version": "0.0.2",
      "license": "MIT",
      "dependencies": {
        "plgg": "file:../plgg",
        "plgg-ir-language": "file:../plgg-ir-language",
        "plgg-ir-syntax": "file:../plgg-ir-syntax"
      },
      "devDependencies": {
        "@types/node": "^25.6.0",
        "plgg-bundle": "file:../plgg-bundle",
        "plgg-test": "file:../plgg-test",
        "typescript": "^6.0.3"
      }
    },
    "packages/plgg-ir-syntax": {
      "version": "0.0.1",
      "license": "MIT",
      "dependencies": {
        "plgg": "file:../plgg",
        "plgg-parser": "file:../plgg-parser"
      },
      "devDependencies": {
        "@types/node": "^25.6.0",
        "plgg-bundle": "file:../plgg-bundle",
        "plgg-test": "file:../plgg-test",
        "typescript": "^6.0.3"
      }
    },
    "packages/plgg-ir-thesis": {
      "version": "0.0.1",
      "license": "MIT",
      "dependencies": {
        "plgg": "file:../plgg",
        "plgg-ir-language": "file:../plgg-ir-language",
        "plgg-ir-syntax": "file:../plgg-ir-syntax"
      },
      "devDependencies": {
        "@types/node": "^25.6.0",
        "plgg-bundle": "file:../plgg-bundle",
        "plgg-test": "file:../plgg-test",
        "typescript": "^6.0.3"
      }
    },
    "packages/plgg-ir-thesis-proof": {
      "version": "0.0.1",
      "license": "MIT",
      "dependencies": {
        "plgg": "file:../plgg",
        "plgg-ir-language": "file:../plgg-ir-language",
        "plgg-ir-syntax": "file:../plgg-ir-syntax",
        "plgg-ir-thesis": "file:../plgg-ir-thesis"
      },
      "bin": {
        "prove-thesis": "bin/prove.mjs"
      },
      "devDependencies": {
        "@types/node": "^25.6.0",
        "plgg-bundle": "file:../plgg-bundle",
        "plgg-test": "file:../plgg-test",
        "typescript": "^6.0.3"
      }
    },
    "packages/plgg-kit": {
      "version": "0.0.1",
      "license": "MIT",
      "dependencies": {
        "plgg": "file:../plgg"
      },
      "devDependencies": {
        "@types/node": "^25.6.0",
        "plgg-bundle": "file:../plgg-bundle",
        "plgg-test": "file:../plgg-test",
        "typescript": "^6.0.3"
      }
    },
    "packages/plgg-mcp": {
      "version": "0.0.2",
      "license": "MIT",
      "dependencies": {
        "plgg": "file:../plgg"
      },
      "devDependencies": {
        "@types/node": "^25.6.0",
        "plgg-bundle": "file:../plgg-bundle",
        "plgg-test": "file:../plgg-test",
        "typescript": "^6.0.3"
      }
    },
    "packages/plgg-md": {
      "version": "0.0.3",
      "license": "MIT",
      "dependencies": {
        "plgg": "file:../plgg",
        "plgg-parser": "file:../plgg-parser",
        "plgg-view": "file:../plgg-view"
      },
      "devDependencies": {
        "@types/node": "^25.6.0",
        "plgg-bundle": "file:../plgg-bundle",
        "plgg-test": "file:../plgg-test",
        "typescript": "^6.0.3"
      }
    },
    "packages/plgg-parser": {
      "version": "0.0.1",
      "license": "MIT",
      "dependencies": {
        "plgg": "file:../plgg"
      },
      "devDependencies": {
        "@types/node": "^25.6.0",
        "plgg-bundle": "file:../plgg-bundle",
        "plgg-test": "file:../plgg-test",
        "typescript": "^6.0.3"
      }
    },
    "packages/plgg-router": {
      "version": "0.0.1",
      "license": "MIT",
      "dependencies": {
        "plgg": "file:../plgg"
      },
      "devDependencies": {
        "@types/node": "^25.6.0",
        "plgg-bundle": "file:../plgg-bundle",
        "plgg-test": "file:../plgg-test",
        "typescript": "^6.0.3"
      }
    },
    "packages/plgg-server": {
      "version": "0.0.4",
      "license": "MIT",
      "dependencies": {
        "plgg": "file:../plgg",
        "plgg-http": "file:../plgg-http",
        "plgg-view": "file:../plgg-view"
      },
      "devDependencies": {
        "@types/node": "^25.6.0",
        "plgg-bundle": "file:../plgg-bundle",
        "plgg-test": "file:../plgg-test",
        "typescript": "^6.0.3"
      }
    },
    "packages/plgg-sql": {
      "version": "0.0.1",
      "license": "MIT",
      "dependencies": {
        "plgg": "file:../plgg"
      },
      "devDependencies": {
        "@types/node": "^25.6.0",
        "plgg-bundle": "file:../plgg-bundle",
        "plgg-test": "file:../plgg-test",
        "typescript": "^6.0.3"
      }
    },
    "packages/plgg-test": {
      "version": "0.0.5",
      "license": "MIT",
      "dependencies": {
        "plgg": "file:../plgg",
        "typescript": "^6.0.3"
      },
      "bin": {
        "plgg-test": "bin/plgg-test.mjs"
      },
      "devDependencies": {
        "@types/node": "^25.6.0",
        "plgg-bundle": "file:../plgg-bundle"
      },
      "engines": {
        "node": ">=22.6"
      }
    },
    "packages/plgg-token-metering": {
      "version": "0.0.1",
      "license": "MIT",
      "dependencies": {
        "plgg": "file:../plgg"
      },
      "devDependencies": {
        "@types/node": "^25.6.0",
        "plgg-bundle": "file:../plgg-bundle",
        "plgg-test": "file:../plgg-test",
        "typescript": "^6.0.3"
      }
    },
    "packages/plgg-view": {
      "version": "0.0.2",
      "license": "MIT",
      "dependencies": {
        "plgg": "file:../plgg"
      },
      "devDependencies": {
        "@types/node": "^25.6.0",
        "plgg-bundle": "file:../plgg-bundle",
        "plgg-test": "file:../plgg-test",
        "typescript": "^6.0.3"
      }
    },
    "packages/plggmatic": {
      "version": "0.2.2",
      "license": "MIT",
      "dependencies": {
        "plgg": "file:../plgg",
        "plgg-ir-language": "file:../plgg-ir-language",
        "plgg-ir-manifest": "file:../plgg-ir-manifest",
        "plgg-ir-syntax": "file:../plgg-ir-syntax",
        "plgg-view": "file:../plgg-view"
      },
      "devDependencies": {
        "@types/node": "^25.6.0",
        "plgg-bundle": "file:../plgg-bundle",
        "plgg-test": "file:../plgg-test",
        "typescript": "^6.0.3"
      }
    },
    "packages/plggmatic-example": {
      "name": "@plggmatic/example",
      "version": "0.0.1",
      "license": "MIT",
      "dependencies": {
        "plgg": "file:../plgg",
        "plgg-view": "file:../plgg-view",
        "plggmatic": "file:../plggmatic"
      },
      "devDependencies": {
        "@types/node": "^25.6.0",
        "plgg-bundle": "file:../plgg-bundle",
        "plgg-test": "file:../plgg-test",
        "typescript": "^6.0.3"
      }
    },
    "packages/plggpress": {
      "version": "0.0.4",
      "license": "MIT",
      "dependencies": {
        "plgg": "file:../plgg",
        "plgg-bundle": "file:../plgg-bundle",
        "plgg-cli": "file:../plgg-cli",
        "plgg-highlight": "file:../plgg-highlight",
        "plgg-http": "file:../plgg-http",
        "plgg-kit": "file:../plgg-kit",
        "plgg-md": "file:../plgg-md",
        "plgg-server": "file:../plgg-server",
        "plgg-view": "file:../plgg-view",
        "plggmatic": "file:../plggmatic"
      },
      "bin": {
        "plggpress": "bin/plggpress.mjs"
      },
      "devDependencies": {
        "@types/node": "^25.6.0",
        "plgg-test": "file:../plgg-test",
        "typescript": "^6.0.3"
      }
    }
  }
}
