{
  "name": "@plgg/guide",
  "version": "0.0.1",
  "lockfileVersion": 3,
  "requires": true,
  "packages": {
    "": {
      "name": "@plgg/guide",
      "version": "0.0.1",
      "license": "MIT",
      "dependencies": {
        "plgg-press": "file:../plgg-press"
      }
    },
    "../plgg-press": {
      "version": "0.0.1",
      "license": "MIT",
      "dependencies": {
        "plgg": "file:../plgg",
        "plgg-highlight": "file:../plgg-highlight",
        "plgg-http": "file:../plgg-http",
        "plgg-md": "file:../plgg-md",
        "plgg-server": "file:../plgg-server",
        "plgg-view": "file:../plgg-view"
      },
      "bin": {
        "plgg-press": "bin/plgg-press.mjs"
      },
      "devDependencies": {
        "@types/node": "^25.6.0",
        "plgg-bundle": "file:../plgg-bundle",
        "plgg-test": "file:../plgg-test",
        "typescript": "^6.0.3"
      }
    },
    "node_modules/plgg-press": {
      "resolved": "../plgg-press",
      "link": true
    }
  }
}
