{
  "name": "plgg-cms",
  "version": "0.0.2",
  "lockfileVersion": 3,
  "requires": true,
  "packages": {
    "": {
      "name": "plgg-cms",
      "version": "0.0.2",
      "license": "MIT",
      "dependencies": {
        "plgg": "file:../plgg",
        "plgg-auth": "file:../plgg-auth",
        "plgg-db-migration": "file:../plgg-db-migration",
        "plgg-http": "file:../plgg-http",
        "plgg-kit": "file:../plgg-kit",
        "plgg-md": "file:../plgg-md",
        "plgg-server": "file:../plgg-server",
        "plgg-sql": "file:../plgg-sql",
        "plgg-view": "file:../plgg-view",
        "plggpress": "file:../plggpress"
      },
      "bin": {
        "plgg-cms": "bin/plgg-cms.mjs"
      },
      "devDependencies": {
        "@types/node": "^25.6.0",
        "plgg-bundle": "file:../plgg-bundle",
        "plgg-test": "file:../plgg-test",
        "typescript": "^6.0.3"
      }
    },
    "../plgg": {
      "version": "0.0.27",
      "license": "MIT",
      "devDependencies": {
        "@types/node": "^25.6.0",
        "plgg-bundle": "file:../plgg-bundle",
        "plgg-test": "file:../plgg-test",
        "typescript": "^6.0.3"
      }
    },
    "../plgg-auth": {
      "version": "0.0.1",
      "license": "MIT",
      "dependencies": {
        "plgg": "file:../plgg",
        "plgg-db-migration": "file:../plgg-db-migration",
        "plgg-http": "file:../plgg-http",
        "plgg-server": "file:../plgg-server",
        "plgg-sql": "file:../plgg-sql"
      },
      "devDependencies": {
        "@types/node": "^25.6.0",
        "plgg-bundle": "file:../plgg-bundle",
        "plgg-test": "file:../plgg-test",
        "typescript": "^6.0.3"
      },
      "engines": {
        "node": ">=22.6"
      }
    },
    "../plgg-auth/node_modules/@types/node": {
      "version": "25.9.4",
      "dev": true,
      "license": "MIT",
      "dependencies": {
        "undici-types": ">=7.24.0 <7.24.7"
      }
    },
    "../plgg-auth/node_modules/plgg": {
      "resolved": "../plgg",
      "link": true
    },
    "../plgg-auth/node_modules/plgg-bundle": {
      "resolved": "../plgg-bundle",
      "link": true
    },
    "../plgg-auth/node_modules/plgg-db-migration": {
      "resolved": "../plgg-db-migration",
      "link": true
    },
    "../plgg-auth/node_modules/plgg-http": {
      "resolved": "../plgg-http",
      "link": true
    },
    "../plgg-auth/node_modules/plgg-server": {
      "resolved": "../plgg-server",
      "link": true
    },
    "../plgg-auth/node_modules/plgg-sql": {
      "resolved": "../plgg-sql",
      "link": true
    },
    "../plgg-auth/node_modules/plgg-test": {
      "resolved": "../plgg-test",
      "link": true
    },
    "../plgg-auth/node_modules/typescript": {
      "version": "6.0.3",
      "dev": true,
      "license": "Apache-2.0",
      "bin": {
        "tsc": "bin/tsc",
        "tsserver": "bin/tsserver"
      },
      "engines": {
        "node": ">=14.17"
      }
    },
    "../plgg-auth/node_modules/undici-types": {
      "version": "7.24.6",
      "dev": true,
      "license": "MIT"
    },
    "../plgg-bundle": {
      "version": "0.0.6",
      "dev": true,
      "license": "MIT",
      "dependencies": {
        "typescript": "^6.0.3"
      },
      "bin": {
        "plgg-bundle": "bin/plgg-bundle.mjs"
      },
      "devDependencies": {
        "@types/node": "^25.6.0",
        "plgg-test": "file:../plgg-test"
      }
    },
    "../plgg-bundle/node_modules/@types/node": {
      "version": "25.9.4",
      "dev": true,
      "license": "MIT",
      "dependencies": {
        "undici-types": ">=7.24.0 <7.24.7"
      }
    },
    "../plgg-bundle/node_modules/plgg-test": {
      "resolved": "../plgg-test",
      "link": true
    },
    "../plgg-bundle/node_modules/typescript": {
      "version": "6.0.3",
      "dev": true,
      "license": "Apache-2.0",
      "bin": {
        "tsc": "bin/tsc",
        "tsserver": "bin/tsserver"
      },
      "engines": {
        "node": ">=14.17"
      }
    },
    "../plgg-bundle/node_modules/undici-types": {
      "version": "7.24.6",
      "dev": true,
      "license": "MIT"
    },
    "../plgg-cli": {
      "version": "0.0.1",
      "license": "MIT",
      "dependencies": {
        "plgg": "file:../plgg"
      },
      "devDependencies": {
        "@types/node": "^25.6.0",
        "plgg-bundle": "file:../plgg-bundle",
        "plgg-test": "file:../plgg-test",
        "typescript": "^6.0.3"
      }
    },
    "../plgg-cli/node_modules/@types/node": {
      "version": "25.9.4",
      "dev": true,
      "license": "MIT",
      "dependencies": {
        "undici-types": ">=7.24.0 <7.24.7"
      }
    },
    "../plgg-cli/node_modules/plgg": {
      "resolved": "../plgg",
      "link": true
    },
    "../plgg-cli/node_modules/plgg-bundle": {
      "resolved": "../plgg-bundle",
      "link": true
    },
    "../plgg-cli/node_modules/plgg-test": {
      "resolved": "../plgg-test",
      "link": true
    },
    "../plgg-cli/node_modules/typescript": {
      "version": "6.0.3",
      "dev": true,
      "license": "Apache-2.0",
      "bin": {
        "tsc": "bin/tsc",
        "tsserver": "bin/tsserver"
      },
      "engines": {
        "node": ">=14.17"
      }
    },
    "../plgg-cli/node_modules/undici-types": {
      "version": "7.24.6",
      "dev": true,
      "license": "MIT"
    },
    "../plgg-db-migration": {
      "version": "0.0.2",
      "license": "MIT",
      "dependencies": {
        "plgg": "file:../plgg",
        "plgg-sql": "file:../plgg-sql"
      },
      "bin": {
        "plgg-db-migration": "bin/plgg-db-migration.mjs"
      },
      "devDependencies": {
        "@types/node": "^25.6.0",
        "plgg-bundle": "file:../plgg-bundle",
        "plgg-test": "file:../plgg-test",
        "typescript": "^6.0.3"
      },
      "engines": {
        "node": ">=22.6"
      }
    },
    "../plgg-db-migration/node_modules/@types/node": {
      "version": "25.9.4",
      "dev": true,
      "license": "MIT",
      "dependencies": {
        "undici-types": ">=7.24.0 <7.24.7"
      }
    },
    "../plgg-db-migration/node_modules/plgg": {
      "resolved": "../plgg",
      "link": true
    },
    "../plgg-db-migration/node_modules/plgg-bundle": {
      "resolved": "../plgg-bundle",
      "link": true
    },
    "../plgg-db-migration/node_modules/plgg-sql": {
      "resolved": "../plgg-sql",
      "link": true
    },
    "../plgg-db-migration/node_modules/plgg-test": {
      "resolved": "../plgg-test",
      "link": true
    },
    "../plgg-db-migration/node_modules/typescript": {
      "version": "6.0.3",
      "dev": true,
      "license": "Apache-2.0",
      "bin": {
        "tsc": "bin/tsc",
        "tsserver": "bin/tsserver"
      },
      "engines": {
        "node": ">=14.17"
      }
    },
    "../plgg-db-migration/node_modules/undici-types": {
      "version": "7.24.6",
      "dev": true,
      "license": "MIT"
    },
    "../plgg-highlight": {
      "version": "0.0.3",
      "license": "MIT",
      "dependencies": {
        "plgg": "file:../plgg",
        "plgg-md": "file:../plgg-md",
        "plgg-parser": "file:../plgg-parser",
        "plgg-view": "file:../plgg-view"
      },
      "devDependencies": {
        "@types/node": "^25.6.0",
        "plgg-bundle": "file:../plgg-bundle",
        "plgg-test": "file:../plgg-test",
        "typescript": "^6.0.3"
      }
    },
    "../plgg-highlight/node_modules/@types/node": {
      "version": "25.9.4",
      "dev": true,
      "license": "MIT",
      "dependencies": {
        "undici-types": ">=7.24.0 <7.24.7"
      }
    },
    "../plgg-highlight/node_modules/plgg": {
      "resolved": "../plgg",
      "link": true
    },
    "../plgg-highlight/node_modules/plgg-bundle": {
      "resolved": "../plgg-bundle",
      "link": true
    },
    "../plgg-highlight/node_modules/plgg-md": {
      "resolved": "../plgg-md",
      "link": true
    },
    "../plgg-highlight/node_modules/plgg-parser": {
      "resolved": "../plgg-parser",
      "link": true
    },
    "../plgg-highlight/node_modules/plgg-test": {
      "resolved": "../plgg-test",
      "link": true
    },
    "../plgg-highlight/node_modules/plgg-view": {
      "resolved": "../plgg-view",
      "link": true
    },
    "../plgg-highlight/node_modules/typescript": {
      "version": "6.0.3",
      "dev": true,
      "license": "Apache-2.0",
      "bin": {
        "tsc": "bin/tsc",
        "tsserver": "bin/tsserver"
      },
      "engines": {
        "node": ">=14.17"
      }
    },
    "../plgg-highlight/node_modules/undici-types": {
      "version": "7.24.6",
      "dev": true,
      "license": "MIT"
    },
    "../plgg-http": {
      "version": "0.0.2",
      "license": "MIT",
      "dependencies": {
        "plgg": "file:../plgg"
      },
      "devDependencies": {
        "@types/node": "^25.6.0",
        "plgg-bundle": "file:../plgg-bundle",
        "plgg-test": "file:../plgg-test",
        "typescript": "^6.0.3"
      }
    },
    "../plgg-http/node_modules/@types/node": {
      "version": "25.9.4",
      "dev": true,
      "license": "MIT",
      "dependencies": {
        "undici-types": ">=7.24.0 <7.24.7"
      }
    },
    "../plgg-http/node_modules/plgg": {
      "resolved": "../plgg",
      "link": true
    },
    "../plgg-http/node_modules/plgg-bundle": {
      "resolved": "../plgg-bundle",
      "link": true
    },
    "../plgg-http/node_modules/plgg-test": {
      "resolved": "../plgg-test",
      "link": true
    },
    "../plgg-http/node_modules/typescript": {
      "version": "6.0.3",
      "dev": true,
      "license": "Apache-2.0",
      "bin": {
        "tsc": "bin/tsc",
        "tsserver": "bin/tsserver"
      },
      "engines": {
        "node": ">=14.17"
      }
    },
    "../plgg-http/node_modules/undici-types": {
      "version": "7.24.6",
      "dev": true,
      "license": "MIT"
    },
    "../plgg-kit": {
      "version": "0.0.1",
      "license": "MIT",
      "dependencies": {
        "plgg": "file:../plgg"
      },
      "devDependencies": {
        "@types/node": "^25.6.0",
        "plgg-bundle": "file:../plgg-bundle",
        "plgg-test": "file:../plgg-test",
        "typescript": "^6.0.3"
      }
    },
    "../plgg-kit/node_modules/@types/node": {
      "version": "25.9.4",
      "dev": true,
      "license": "MIT",
      "dependencies": {
        "undici-types": ">=7.24.0 <7.24.7"
      }
    },
    "../plgg-kit/node_modules/plgg": {
      "resolved": "../plgg",
      "link": true
    },
    "../plgg-kit/node_modules/plgg-bundle": {
      "resolved": "../plgg-bundle",
      "link": true
    },
    "../plgg-kit/node_modules/plgg-test": {
      "resolved": "../plgg-test",
      "link": true
    },
    "../plgg-kit/node_modules/typescript": {
      "version": "6.0.3",
      "dev": true,
      "license": "Apache-2.0",
      "bin": {
        "tsc": "bin/tsc",
        "tsserver": "bin/tsserver"
      },
      "engines": {
        "node": ">=14.17"
      }
    },
    "../plgg-kit/node_modules/undici-types": {
      "version": "7.24.6",
      "dev": true,
      "license": "MIT"
    },
    "../plgg-md": {
      "version": "0.0.2",
      "license": "MIT",
      "dependencies": {
        "plgg": "file:../plgg",
        "plgg-parser": "file:../plgg-parser",
        "plgg-view": "file:../plgg-view"
      },
      "devDependencies": {
        "@types/node": "^25.6.0",
        "plgg-bundle": "file:../plgg-bundle",
        "plgg-test": "file:../plgg-test",
        "typescript": "^6.0.3"
      }
    },
    "../plgg-md/node_modules/@types/node": {
      "version": "25.9.4",
      "dev": true,
      "license": "MIT",
      "dependencies": {
        "undici-types": ">=7.24.0 <7.24.7"
      }
    },
    "../plgg-md/node_modules/plgg": {
      "resolved": "../plgg",
      "link": true
    },
    "../plgg-md/node_modules/plgg-bundle": {
      "resolved": "../plgg-bundle",
      "link": true
    },
    "../plgg-md/node_modules/plgg-parser": {
      "resolved": "../plgg-parser",
      "link": true
    },
    "../plgg-md/node_modules/plgg-test": {
      "resolved": "../plgg-test",
      "link": true
    },
    "../plgg-md/node_modules/plgg-view": {
      "resolved": "../plgg-view",
      "link": true
    },
    "../plgg-md/node_modules/typescript": {
      "version": "6.0.3",
      "dev": true,
      "license": "Apache-2.0",
      "bin": {
        "tsc": "bin/tsc",
        "tsserver": "bin/tsserver"
      },
      "engines": {
        "node": ">=14.17"
      }
    },
    "../plgg-md/node_modules/undici-types": {
      "version": "7.24.6",
      "dev": true,
      "license": "MIT"
    },
    "../plgg-parser": {
      "version": "0.0.1",
      "license": "MIT",
      "dependencies": {
        "plgg": "file:../plgg"
      },
      "devDependencies": {
        "@types/node": "^25.6.0",
        "plgg-bundle": "file:../plgg-bundle",
        "plgg-test": "file:../plgg-test",
        "typescript": "^6.0.3"
      }
    },
    "../plgg-parser/node_modules/@types/node": {
      "version": "25.9.4",
      "dev": true,
      "license": "MIT",
      "dependencies": {
        "undici-types": ">=7.24.0 <7.24.7"
      }
    },
    "../plgg-parser/node_modules/plgg": {
      "resolved": "../plgg",
      "link": true
    },
    "../plgg-parser/node_modules/plgg-bundle": {
      "resolved": "../plgg-bundle",
      "link": true
    },
    "../plgg-parser/node_modules/plgg-test": {
      "resolved": "../plgg-test",
      "link": true
    },
    "../plgg-parser/node_modules/typescript": {
      "version": "6.0.3",
      "dev": true,
      "license": "Apache-2.0",
      "bin": {
        "tsc": "bin/tsc",
        "tsserver": "bin/tsserver"
      },
      "engines": {
        "node": ">=14.17"
      }
    },
    "../plgg-parser/node_modules/undici-types": {
      "version": "7.24.6",
      "dev": true,
      "license": "MIT"
    },
    "../plgg-server": {
      "version": "0.0.4",
      "license": "MIT",
      "dependencies": {
        "plgg": "file:../plgg",
        "plgg-http": "file:../plgg-http",
        "plgg-view": "file:../plgg-view"
      },
      "devDependencies": {
        "@types/node": "^25.6.0",
        "plgg-bundle": "file:../plgg-bundle",
        "plgg-test": "file:../plgg-test",
        "typescript": "^6.0.3"
      }
    },
    "../plgg-server/node_modules/@types/node": {
      "version": "25.9.4",
      "dev": true,
      "license": "MIT",
      "dependencies": {
        "undici-types": ">=7.24.0 <7.24.7"
      }
    },
    "../plgg-server/node_modules/plgg": {
      "resolved": "../plgg",
      "link": true
    },
    "../plgg-server/node_modules/plgg-bundle": {
      "resolved": "../plgg-bundle",
      "link": true
    },
    "../plgg-server/node_modules/plgg-http": {
      "resolved": "../plgg-http",
      "link": true
    },
    "../plgg-server/node_modules/plgg-test": {
      "resolved": "../plgg-test",
      "link": true
    },
    "../plgg-server/node_modules/plgg-view": {
      "resolved": "../plgg-view",
      "link": true
    },
    "../plgg-server/node_modules/typescript": {
      "version": "6.0.3",
      "dev": true,
      "license": "Apache-2.0",
      "bin": {
        "tsc": "bin/tsc",
        "tsserver": "bin/tsserver"
      },
      "engines": {
        "node": ">=14.17"
      }
    },
    "../plgg-server/node_modules/undici-types": {
      "version": "7.24.6",
      "dev": true,
      "license": "MIT"
    },
    "../plgg-sql": {
      "version": "0.0.1",
      "license": "MIT",
      "dependencies": {
        "plgg": "file:../plgg"
      },
      "devDependencies": {
        "@types/node": "^25.6.0",
        "plgg-bundle": "file:../plgg-bundle",
        "plgg-test": "file:../plgg-test",
        "typescript": "^6.0.3"
      }
    },
    "../plgg-sql/node_modules/@types/node": {
      "version": "25.9.4",
      "dev": true,
      "license": "MIT",
      "dependencies": {
        "undici-types": ">=7.24.0 <7.24.7"
      }
    },
    "../plgg-sql/node_modules/plgg": {
      "resolved": "../plgg",
      "link": true
    },
    "../plgg-sql/node_modules/plgg-bundle": {
      "resolved": "../plgg-bundle",
      "link": true
    },
    "../plgg-sql/node_modules/plgg-test": {
      "resolved": "../plgg-test",
      "link": true
    },
    "../plgg-sql/node_modules/typescript": {
      "version": "6.0.3",
      "dev": true,
      "license": "Apache-2.0",
      "bin": {
        "tsc": "bin/tsc",
        "tsserver": "bin/tsserver"
      },
      "engines": {
        "node": ">=14.17"
      }
    },
    "../plgg-sql/node_modules/undici-types": {
      "version": "7.24.6",
      "dev": true,
      "license": "MIT"
    },
    "../plgg-test": {
      "version": "0.0.5",
      "dev": true,
      "license": "MIT",
      "dependencies": {
        "plgg": "file:../plgg",
        "typescript": "^6.0.3"
      },
      "bin": {
        "plgg-test": "bin/plgg-test.mjs"
      },
      "devDependencies": {
        "@types/node": "^25.6.0",
        "plgg-bundle": "file:../plgg-bundle"
      },
      "engines": {
        "node": ">=22.6"
      }
    },
    "../plgg-test/node_modules/@types/node": {
      "version": "25.9.4",
      "dev": true,
      "license": "MIT",
      "dependencies": {
        "undici-types": ">=7.24.0 <7.24.7"
      }
    },
    "../plgg-test/node_modules/plgg": {
      "resolved": "../plgg",
      "link": true
    },
    "../plgg-test/node_modules/plgg-bundle": {
      "resolved": "../plgg-bundle",
      "link": true
    },
    "../plgg-test/node_modules/typescript": {
      "version": "6.0.3",
      "dev": true,
      "license": "Apache-2.0",
      "bin": {
        "tsc": "bin/tsc",
        "tsserver": "bin/tsserver"
      },
      "engines": {
        "node": ">=14.17"
      }
    },
    "../plgg-test/node_modules/undici-types": {
      "version": "7.24.6",
      "dev": true,
      "license": "MIT"
    },
    "../plgg-view": {
      "version": "0.0.2",
      "license": "MIT",
      "dependencies": {
        "plgg": "file:../plgg"
      },
      "devDependencies": {
        "@types/node": "^25.6.0",
        "plgg-bundle": "file:../plgg-bundle",
        "plgg-test": "file:../plgg-test",
        "typescript": "^6.0.3"
      }
    },
    "../plgg-view/node_modules/@types/node": {
      "version": "25.9.4",
      "dev": true,
      "license": "MIT",
      "dependencies": {
        "undici-types": ">=7.24.0 <7.24.7"
      }
    },
    "../plgg-view/node_modules/plgg": {
      "resolved": "../plgg",
      "link": true
    },
    "../plgg-view/node_modules/plgg-bundle": {
      "resolved": "../plgg-bundle",
      "link": true
    },
    "../plgg-view/node_modules/plgg-test": {
      "resolved": "../plgg-test",
      "link": true
    },
    "../plgg-view/node_modules/typescript": {
      "version": "6.0.3",
      "dev": true,
      "license": "Apache-2.0",
      "bin": {
        "tsc": "bin/tsc",
        "tsserver": "bin/tsserver"
      },
      "engines": {
        "node": ">=14.17"
      }
    },
    "../plgg-view/node_modules/undici-types": {
      "version": "7.24.6",
      "dev": true,
      "license": "MIT"
    },
    "../plgg/node_modules/@types/node": {
      "version": "25.9.4",
      "dev": true,
      "license": "MIT",
      "dependencies": {
        "undici-types": ">=7.24.0 <7.24.7"
      }
    },
    "../plgg/node_modules/plgg-bundle": {
      "resolved": "../plgg-bundle",
      "link": true
    },
    "../plgg/node_modules/plgg-test": {
      "resolved": "../plgg-test",
      "link": true
    },
    "../plgg/node_modules/typescript": {
      "version": "6.0.3",
      "dev": true,
      "license": "Apache-2.0",
      "bin": {
        "tsc": "bin/tsc",
        "tsserver": "bin/tsserver"
      },
      "engines": {
        "node": ">=14.17"
      }
    },
    "../plgg/node_modules/undici-types": {
      "version": "7.24.6",
      "dev": true,
      "license": "MIT"
    },
    "../plggpress": {
      "version": "0.0.3",
      "license": "MIT",
      "dependencies": {
        "plgg": "file:../plgg",
        "plgg-cli": "file:../plgg-cli",
        "plgg-highlight": "file:../plgg-highlight",
        "plgg-http": "file:../plgg-http",
        "plgg-md": "file:../plgg-md",
        "plgg-server": "file:../plgg-server",
        "plgg-view": "file:../plgg-view"
      },
      "bin": {
        "plggpress": "bin/plggpress.mjs"
      },
      "devDependencies": {
        "@types/node": "^25.6.0",
        "plgg-bundle": "file:../plgg-bundle",
        "plgg-test": "file:../plgg-test",
        "typescript": "^6.0.3"
      }
    },
    "../plggpress/node_modules/@types/node": {
      "version": "25.9.4",
      "dev": true,
      "license": "MIT",
      "dependencies": {
        "undici-types": ">=7.24.0 <7.24.7"
      }
    },
    "../plggpress/node_modules/plgg": {
      "resolved": "../plgg",
      "link": true
    },
    "../plggpress/node_modules/plgg-bundle": {
      "resolved": "../plgg-bundle",
      "link": true
    },
    "../plggpress/node_modules/plgg-cli": {
      "resolved": "../plgg-cli",
      "link": true
    },
    "../plggpress/node_modules/plgg-highlight": {
      "resolved": "../plgg-highlight",
      "link": true
    },
    "../plggpress/node_modules/plgg-http": {
      "resolved": "../plgg-http",
      "link": true
    },
    "../plggpress/node_modules/plgg-md": {
      "resolved": "../plgg-md",
      "link": true
    },
    "../plggpress/node_modules/plgg-server": {
      "resolved": "../plgg-server",
      "link": true
    },
    "../plggpress/node_modules/plgg-test": {
      "resolved": "../plgg-test",
      "link": true
    },
    "../plggpress/node_modules/plgg-view": {
      "resolved": "../plgg-view",
      "link": true
    },
    "../plggpress/node_modules/typescript": {
      "version": "6.0.3",
      "dev": true,
      "license": "Apache-2.0",
      "bin": {
        "tsc": "bin/tsc",
        "tsserver": "bin/tsserver"
      },
      "engines": {
        "node": ">=14.17"
      }
    },
    "../plggpress/node_modules/undici-types": {
      "version": "7.24.6",
      "dev": true,
      "license": "MIT"
    },
    "node_modules/@types/node": {
      "version": "25.9.4",
      "dev": true,
      "license": "MIT",
      "dependencies": {
        "undici-types": ">=7.24.0 <7.24.7"
      }
    },
    "node_modules/plgg": {
      "resolved": "../plgg",
      "link": true
    },
    "node_modules/plgg-auth": {
      "resolved": "../plgg-auth",
      "link": true
    },
    "node_modules/plgg-bundle": {
      "resolved": "../plgg-bundle",
      "link": true
    },
    "node_modules/plgg-db-migration": {
      "resolved": "../plgg-db-migration",
      "link": true
    },
    "node_modules/plgg-http": {
      "resolved": "../plgg-http",
      "link": true
    },
    "node_modules/plgg-kit": {
      "resolved": "../plgg-kit",
      "link": true
    },
    "node_modules/plgg-md": {
      "resolved": "../plgg-md",
      "link": true
    },
    "node_modules/plgg-server": {
      "resolved": "../plgg-server",
      "link": true
    },
    "node_modules/plgg-sql": {
      "resolved": "../plgg-sql",
      "link": true
    },
    "node_modules/plgg-test": {
      "resolved": "../plgg-test",
      "link": true
    },
    "node_modules/plgg-view": {
      "resolved": "../plgg-view",
      "link": true
    },
    "node_modules/plggpress": {
      "resolved": "../plggpress",
      "link": true
    },
    "node_modules/typescript": {
      "version": "6.0.3",
      "dev": true,
      "license": "Apache-2.0",
      "bin": {
        "tsc": "bin/tsc",
        "tsserver": "bin/tsserver"
      },
      "engines": {
        "node": ">=14.17"
      }
    },
    "node_modules/undici-types": {
      "version": "7.24.6",
      "dev": true,
      "license": "MIT"
    }
  }
}
